
Microsoft Visual Studio Solution File, Format Version 12.00
# Visual Studio 15
VisualStudioVersion = 15.0.28307.572
MinimumVisualStudioVersion = 10.0.40219.1
Project("{FAE04EC0-301F-11D3-BF4B-00C04F79EFBC}") = "CroppieApp", "CroppieApp\CroppieApp.csproj", "{4DD7D6B0-42AF-4D13-AD6B-9F72B14D52EC}"
EndProject
Global
	GlobalSection(SolutionConfigurationPlatforms) = preSolution
		Debug|Any CPU = Debug|Any CPU
		Release|Any CPU = Release|Any CPU
	EndGlobalSection
	GlobalSection(ProjectConfigurationPlatforms) = postSolution
		{4DD7D6B0-42AF-4D13-AD6B-9F72B14D52EC}.Debug|Any CPU.ActiveCfg = Debug|Any CPU
		{4DD7D6B0-42AF-4D13-AD6B-9F72B14D52EC}.Debug|Any CPU.Build.0 = Debug|Any CPU
		{4DD7D6B0-42AF-4D13-AD6B-9F72B14D52EC}.Release|Any CPU.ActiveCfg = Release|Any CPU
		{4DD7D6B0-42AF-4D13-AD6B-9F72B14D52EC}.Release|Any CPU.Build.0 = Release|Any CPU
	EndGlobalSection
	GlobalSection(SolutionProperties) = preSolution
		HideSolutionNode = FALSE
	EndGlobalSection
	GlobalSection(ExtensibilityGlobals) = postSolution
		SolutionGuid = {7A14B95D-ED52-4E78-8BED-A983DD2C1036}
	EndGlobalSection
EndGlobal
